// !$*UTF8*$!
{
	archiveVersion = 1;
	classes = {
	};
	objectVersion = 46;
	objects = {

/* Begin PBXBuildFile section */
		226D4CA4292680F2509E2E75 /* Pods.framework in Frameworks */ = {isa = PBXBuildFile; fileRef = 0BB6534C2216F5FB1F96F3D3 /* Pods.framework */; settings = {ATTRIBUTES = (Weak, ); }; };
		22D02D26D1C2DCE89E30096C /* Pods.framework in Frameworks */ = {isa = PBXBuildFile; fileRef = 0BB6534C2216F5FB1F96F3D3 /* Pods.framework */; settings = {ATTRIBUTES = (Weak, ); }; };
		AC55168E1AC04D4900D272DA /* TransactionViewControllerTests.swift in Sources */ = {isa = PBXBuildFile; fileRef = AC55168D1AC04D4900D272DA /* TransactionViewControllerTests.swift */; };
		AC55169E1AC0C61800D272DA /* RootViewControllerTests.swift in Sources */ = {isa = PBXBuildFile; fileRef = AC55169D1AC0C61800D272DA /* RootViewControllerTests.swift */; };
		AC5516A21AC0D48000D272DA /* MockServer.swift in Sources */ = {isa = PBXBuildFile; fileRef = AC5516A11AC0D48000D272DA /* MockServer.swift */; };
		AC5516A31AC0D74400D272DA /* MockServer.swift in Sources */ = {isa = PBXBuildFile; fileRef = AC5516A11AC0D48000D272DA /* MockServer.swift */; };
		ACA41C4E1AC2CAE400FABB36 /* LaunchScreen.xib in Resources */ = {isa = PBXBuildFile; fileRef = ACA41C3E1AC2CAE400FABB36 /* LaunchScreen.xib */; };
		ACA41C4F1AC2CAE400FABB36 /* LaunchScreen.xib in Resources */ = {isa = PBXBuildFile; fileRef = ACA41C3E1AC2CAE400FABB36 /* LaunchScreen.xib */; };
		ACA41C501AC2CAE400FABB36 /* Main.storyboard in Resources */ = {isa = PBXBuildFile; fileRef = ACA41C401AC2CAE400FABB36 /* Main.storyboard */; };
		ACA41C511AC2CAE400FABB36 /* Main.storyboard in Resources */ = {isa = PBXBuildFile; fileRef = ACA41C401AC2CAE400FABB36 /* Main.storyboard */; };
		ACA41C521AC2CAE400FABB36 /* AppDelegate.swift in Sources */ = {isa = PBXBuildFile; fileRef = ACA41C431AC2CAE400FABB36 /* AppDelegate.swift */; };
		ACA41C531AC2CAE400FABB36 /* AppDelegate.swift in Sources */ = {isa = PBXBuildFile; fileRef = ACA41C431AC2CAE400FABB36 /* AppDelegate.swift */; };
		ACA41C541AC2CAE400FABB36 /* CurrencyPicker.swift in Sources */ = {isa = PBXBuildFile; fileRef = ACA41C441AC2CAE400FABB36 /* CurrencyPicker.swift */; };
		ACA41C551AC2CAE400FABB36 /* CurrencyPicker.swift in Sources */ = {isa = PBXBuildFile; fileRef = ACA41C441AC2CAE400FABB36 /* CurrencyPicker.swift */; };
		ACA41C561AC2CAE400FABB36 /* PeopePicker.swift in Sources */ = {isa = PBXBuildFile; fileRef = ACA41C451AC2CAE400FABB36 /* PeopePicker.swift */; };
		ACA41C571AC2CAE400FABB36 /* PeopePicker.swift in Sources */ = {isa = PBXBuildFile; fileRef = ACA41C451AC2CAE400FABB36 /* PeopePicker.swift */; };
		ACA41C581AC2CAE400FABB36 /* RootViewController.swift in Sources */ = {isa = PBXBuildFile; fileRef = ACA41C461AC2CAE400FABB36 /* RootViewController.swift */; };
		ACA41C591AC2CAE400FABB36 /* RootViewController.swift in Sources */ = {isa = PBXBuildFile; fileRef = ACA41C461AC2CAE400FABB36 /* RootViewController.swift */; };
		ACA41C5A1AC2CAE400FABB36 /* TransactionViewController.swift in Sources */ = {isa = PBXBuildFile; fileRef = ACA41C471AC2CAE400FABB36 /* TransactionViewController.swift */; };
		ACA41C5B1AC2CAE400FABB36 /* TransactionViewController.swift in Sources */ = {isa = PBXBuildFile; fileRef = ACA41C471AC2CAE400FABB36 /* TransactionViewController.swift */; };
		ACA41C5C1AC2CAE400FABB36 /* Images.xcassets in Resources */ = {isa = PBXBuildFile; fileRef = ACA41C481AC2CAE400FABB36 /* Images.xcassets */; };
		ACA41C5D1AC2CAE400FABB36 /* Images.xcassets in Resources */ = {isa = PBXBuildFile; fileRef = ACA41C481AC2CAE400FABB36 /* Images.xcassets */; };
		ACA41C5E1AC2CAE400FABB36 /* Info.plist in Resources */ = {isa = PBXBuildFile; fileRef = ACA41C491AC2CAE400FABB36 /* Info.plist */; };
		ACA41C5F1AC2CAE400FABB36 /* Info.plist in Resources */ = {isa = PBXBuildFile; fileRef = ACA41C491AC2CAE400FABB36 /* Info.plist */; };
		ACA41C601AC2CAE400FABB36 /* Server.swift in Sources */ = {isa = PBXBuildFile; fileRef = ACA41C4B1AC2CAE400FABB36 /* Server.swift */; };
		ACA41C611AC2CAE400FABB36 /* Server.swift in Sources */ = {isa = PBXBuildFile; fileRef = ACA41C4B1AC2CAE400FABB36 /* Server.swift */; };
		ACA41C621AC2CAE400FABB36 /* Transaction.swift in Sources */ = {isa = PBXBuildFile; fileRef = ACA41C4C1AC2CAE400FABB36 /* Transaction.swift */; };
		ACA41C631AC2CAE400FABB36 /* Transaction.swift in Sources */ = {isa = PBXBuildFile; fileRef = ACA41C4C1AC2CAE400FABB36 /* Transaction.swift */; };
/* End PBXBuildFile section */

/* Begin PBXContainerItemProxy section */
		AC93505B1AC0035C000C7C39 /* PBXContainerItemProxy */ = {
			isa = PBXContainerItemProxy;
			containerPortal = AC93503D1AC0035C000C7C39 /* Project object */;
			proxyType = 1;
			remoteGlobalIDString = AC9350441AC0035C000C7C39;
			remoteInfo = wallet;
		};
/* End PBXContainerItemProxy section */

/* Begin PBXFileReference section */
		0BB6534C2216F5FB1F96F3D3 /* Pods.framework */ = {isa = PBXFileReference; explicitFileType = wrapper.framework; includeInIndex = 0; path = Pods.framework; sourceTree = BUILT_PRODUCTS_DIR; };
		2F54B960EF7F33528169DA09 /* Pods.release.xcconfig */ = {isa = PBXFileReference; includeInIndex = 1; lastKnownFileType = text.xcconfig; name = Pods.release.xcconfig; path = "Pods/Target Support Files/Pods/Pods.release.xcconfig"; sourceTree = "<group>"; };
		42E9F6C3C49C25A697872171 /* Pods.debug.xcconfig */ = {isa = PBXFileReference; includeInIndex = 1; lastKnownFileType = text.xcconfig; name = Pods.debug.xcconfig; path = "Pods/Target Support Files/Pods/Pods.debug.xcconfig"; sourceTree = "<group>"; };
		AC55168D1AC04D4900D272DA /* TransactionViewControllerTests.swift */ = {isa = PBXFileReference; fileEncoding = 4; lastKnownFileType = sourcecode.swift; path = TransactionViewControllerTests.swift; sourceTree = "<group>"; };
		AC5516961AC05E0400D272DA /* bridging.h */ = {isa = PBXFileReference; fileEncoding = 4; lastKnownFileType = sourcecode.c.h; path = bridging.h; sourceTree = "<group>"; };
		AC55169D1AC0C61800D272DA /* RootViewControllerTests.swift */ = {isa = PBXFileReference; fileEncoding = 4; lastKnownFileType = sourcecode.swift; path = RootViewControllerTests.swift; sourceTree = "<group>"; };
		AC5516A11AC0D48000D272DA /* MockServer.swift */ = {isa = PBXFileReference; fileEncoding = 4; lastKnownFileType = sourcecode.swift; path = MockServer.swift; sourceTree = "<group>"; };
		AC9350451AC0035C000C7C39 /* wallet.app */ = {isa = PBXFileReference; explicitFileType = wrapper.application; includeInIndex = 0; path = wallet.app; sourceTree = BUILT_PRODUCTS_DIR; };
		AC93505A1AC0035C000C7C39 /* walletTests.xctest */ = {isa = PBXFileReference; explicitFileType = wrapper.cfbundle; includeInIndex = 0; path = walletTests.xctest; sourceTree = BUILT_PRODUCTS_DIR; };
		AC93505F1AC0035C000C7C39 /* Info.plist */ = {isa = PBXFileReference; lastKnownFileType = text.plist.xml; path = Info.plist; sourceTree = "<group>"; };
		ACA41C3F1AC2CAE400FABB36 /* Base */ = {isa = PBXFileReference; lastKnownFileType = file.xib; name = Base; path = Base.lproj/LaunchScreen.xib; sourceTree = "<group>"; };
		ACA41C411AC2CAE400FABB36 /* Base */ = {isa = PBXFileReference; lastKnownFileType = file.storyboard; name = Base; path = Base.lproj/Main.storyboard; sourceTree = "<group>"; };
		ACA41C431AC2CAE400FABB36 /* AppDelegate.swift */ = {isa = PBXFileReference; fileEncoding = 4; lastKnownFileType = sourcecode.swift; path = AppDelegate.swift; sourceTree = "<group>"; };
		ACA41C441AC2CAE400FABB36 /* CurrencyPicker.swift */ = {isa = PBXFileReference; fileEncoding = 4; lastKnownFileType = sourcecode.swift; path = CurrencyPicker.swift; sourceTree = "<group>"; };
		ACA41C451AC2CAE400FABB36 /* PeopePicker.swift */ = {isa = PBXFileReference; fileEncoding = 4; lastKnownFileType = sourcecode.swift; path = PeopePicker.swift; sourceTree = "<group>"; };
		ACA41C461AC2CAE400FABB36 /* RootViewController.swift */ = {isa = PBXFileReference; fileEncoding = 4; lastKnownFileType = sourcecode.swift; path = RootViewController.swift; sourceTree = "<group>"; };
		ACA41C471AC2CAE400FABB36 /* TransactionViewController.swift */ = {isa = PBXFileReference; fileEncoding = 4; lastKnownFileType = sourcecode.swift; path = TransactionViewController.swift; sourceTree = "<group>"; };
		ACA41C481AC2CAE400FABB36 /* Images.xcassets */ = {isa = PBXFileReference; lastKnownFileType = folder.assetcatalog; path = Images.xcassets; sourceTree = "<group>"; };
		ACA41C491AC2CAE400FABB36 /* Info.plist */ = {isa = PBXFileReference; fileEncoding = 4; lastKnownFileType = text.plist.xml; path = Info.plist; sourceTree = "<group>"; };
		ACA41C4B1AC2CAE400FABB36 /* Server.swift */ = {isa = PBXFileReference; fileEncoding = 4; lastKnownFileType = sourcecode.swift; path = Server.swift; sourceTree = "<group>"; };
		ACA41C4C1AC2CAE400FABB36 /* Transaction.swift */ = {isa = PBXFileReference; fileEncoding = 4; lastKnownFileType = sourcecode.swift; path = Transaction.swift; sourceTree = "<group>"; };
/* End PBXFileReference section */

/* Begin PBXFrameworksBuildPhase section */
		AC9350421AC0035C000C7C39 /* Frameworks */ = {
			isa = PBXFrameworksBuildPhase;
			buildActionMask = 2147483647;
			files = (
				22D02D26D1C2DCE89E30096C /* Pods.framework in Frameworks */,
			);
			runOnlyForDeploymentPostprocessing = 0;
		};
		AC9350571AC0035C000C7C39 /* Frameworks */ = {
			isa = PBXFrameworksBuildPhase;
			buildActionMask = 2147483647;
			files = (
				226D4CA4292680F2509E2E75 /* Pods.framework in Frameworks */,
			);
			runOnlyForDeploymentPostprocessing = 0;
		};
/* End PBXFrameworksBuildPhase section */

/* Begin PBXGroup section */
		274BCE2DFF3BDA9997034AF1 /* Frameworks */ = {
			isa = PBXGroup;
			children = (
				0BB6534C2216F5FB1F96F3D3 /* Pods.framework */,
			);
			name = Frameworks;
			sourceTree = "<group>";
		};
		AC93503C1AC0035C000C7C39 = {
			isa = PBXGroup;
			children = (
				ACA41C3D1AC2CAE400FABB36 /* wallet */,
				AC5516961AC05E0400D272DA /* bridging.h */,
				AC93505D1AC0035C000C7C39 /* walletTests */,
				AC9350461AC0035C000C7C39 /* Products */,
				E1782AC51D974269D9F660E2 /* Pods */,
				274BCE2DFF3BDA9997034AF1 /* Frameworks */,
			);
			sourceTree = "<group>";
		};
		AC9350461AC0035C000C7C39 /* Products */ = {
			isa = PBXGroup;
			children = (
				AC9350451AC0035C000C7C39 /* wallet.app */,
				AC93505A1AC0035C000C7C39 /* walletTests.xctest */,
			);
			name = Products;
			sourceTree = "<group>";
		};
		AC93505D1AC0035C000C7C39 /* walletTests */ = {
			isa = PBXGroup;
			children = (
				AC55168D1AC04D4900D272DA /* TransactionViewControllerTests.swift */,
				AC5516A11AC0D48000D272DA /* MockServer.swift */,
				AC55169D1AC0C61800D272DA /* RootViewControllerTests.swift */,
				AC93505E1AC0035C000C7C39 /* Supporting Files */,
			);
			path = walletTests;
			sourceTree = "<group>";
		};
		AC93505E1AC0035C000C7C39 /* Supporting Files */ = {
			isa = PBXGroup;
			children = (
				AC93505F1AC0035C000C7C39 /* Info.plist */,
			);
			name = "Supporting Files";
			sourceTree = "<group>";
		};
		ACA41C3D1AC2CAE400FABB36 /* wallet */ = {
			isa = PBXGroup;
			children = (
				ACA41C3E1AC2CAE400FABB36 /* LaunchScreen.xib */,
				ACA41C401AC2CAE400FABB36 /* Main.storyboard */,
				ACA41C421AC2CAE400FABB36 /* controller */,
				ACA41C481AC2CAE400FABB36 /* Images.xcassets */,
				ACA41C491AC2CAE400FABB36 /* Info.plist */,
				ACA41C4A1AC2CAE400FABB36 /* model */,
				ACA41C4D1AC2CAE400FABB36 /* view */,
			);
			path = wallet;
			sourceTree = "<group>";
		};
		ACA41C421AC2CAE400FABB36 /* controller */ = {
			isa = PBXGroup;
			children = (
				ACA41C431AC2CAE400FABB36 /* AppDelegate.swift */,
				ACA41C441AC2CAE400FABB36 /* CurrencyPicker.swift */,
				ACA41C451AC2CAE400FABB36 /* PeopePicker.swift */,
				ACA41C461AC2CAE400FABB36 /* RootViewController.swift */,
				ACA41C471AC2CAE400FABB36 /* TransactionViewController.swift */,
			);
			path = controller;
			sourceTree = "<group>";
		};
		ACA41C4A1AC2CAE400FABB36 /* model */ = {
			isa = PBXGroup;
			children = (
				ACA41C4B1AC2CAE400FABB36 /* Server.swift */,
				ACA41C4C1AC2CAE400FABB36 /* Transaction.swift */,
			);
			path = model;
			sourceTree = "<group>";
		};
		ACA41C4D1AC2CAE400FABB36 /* view */ = {
			isa = PBXGroup;
			children = (
			);
			path = view;
			sourceTree = "<group>";
		};
		E1782AC51D974269D9F660E2 /* Pods */ = {
			isa = PBXGroup;
			children = (
				42E9F6C3C49C25A697872171 /* Pods.debug.xcconfig */,
				2F54B960EF7F33528169DA09 /* Pods.release.xcconfig */,
			);
			name = Pods;
			sourceTree = "<group>";
		};
/* End PBXGroup section */

/* Begin PBXNativeTarget section */
		AC9350441AC0035C000C7C39 /* wallet */ = {
			isa = PBXNativeTarget;
			buildConfigurationList = AC9350641AC0035C000C7C39 /* Build configuration list for PBXNativeTarget "wallet" */;
			buildPhases = (
				E3FF2332F7D22ACD0069E10A /* Check Pods Manifest.lock */,
				AC9350411AC0035C000C7C39 /* Sources */,
				AC9350421AC0035C000C7C39 /* Frameworks */,
				AC9350431AC0035C000C7C39 /* Resources */,
				A5D833D5108862EAD37F07CD /* Embed Pods Frameworks */,
				2CCF3DF4BC1C07E4D2646AFB /* Copy Pods Resources */,
			);
			buildRules = (
			);
			dependencies = (
			);
			name = wallet;
			productName = wallet;
			productReference = AC9350451AC0035C000C7C39 /* wallet.app */;
			productType = "com.apple.product-type.application";
		};
		AC9350591AC0035C000C7C39 /* walletTests */ = {
			isa = PBXNativeTarget;
			buildConfigurationList = AC9350671AC0035C000C7C39 /* Build configuration list for PBXNativeTarget "walletTests" */;
			buildPhases = (
				20587BF1D9A16FBB8223ED3F /* Check Pods Manifest.lock */,
				AC9350561AC0035C000C7C39 /* Sources */,
				AC9350571AC0035C000C7C39 /* Frameworks */,
				AC9350581AC0035C000C7C39 /* Resources */,
				412B24131A8FB90F5D71AF78 /* Embed Pods Frameworks */,
				E82A60927B0A05836021778E /* Copy Pods Resources */,
			);
			buildRules = (
			);
			dependencies = (
				AC93505C1AC0035C000C7C39 /* PBXTargetDependency */,
			);
			name = walletTests;
			productName = walletTests;
			productReference = AC93505A1AC0035C000C7C39 /* walletTests.xctest */;
			productType = "com.apple.product-type.bundle.unit-test";
		};
/* End PBXNativeTarget section */

/* Begin PBXProject section */
		AC93503D1AC0035C000C7C39 /* Project object */ = {
			isa = PBXProject;
			attributes = {
				LastUpgradeCheck = 0620;
				ORGANIZATIONNAME = LivelyCode;
				TargetAttributes = {
					AC9350441AC0035C000C7C39 = {
						CreatedOnToolsVersion = 6.2;
					};
					AC9350591AC0035C000C7C39 = {
						CreatedOnToolsVersion = 6.2;
						TestTargetID = AC9350441AC0035C000C7C39;
					};
				};
			};
			buildConfigurationList = AC9350401AC0035C000C7C39 /* Build configuration list for PBXProject "wallet" */;
			compatibilityVersion = "Xcode 3.2";
			developmentRegion = English;
			hasScannedForEncodings = 0;
			knownRegions = (
				en,
				Base,
			);
			mainGroup = AC93503C1AC0035C000C7C39;
			productRefGroup = AC9350461AC0035C000C7C39 /* Products */;
			projectDirPath = "";
			projectRoot = "";
			targets = (
				AC9350441AC0035C000C7C39 /* wallet */,
				AC9350591AC0035C000C7C39 /* walletTests */,
			);
		};
/* End PBXProject section */

/* Begin PBXResourcesBuildPhase section */
		AC9350431AC0035C000C7C39 /* Resources */ = {
			isa = PBXResourcesBuildPhase;
			buildActionMask = 2147483647;
			files = (
				ACA41C5E1AC2CAE400FABB36 /* Info.plist in Resources */,
				ACA41C5C1AC2CAE400FABB36 /* Images.xcassets in Resources */,
				ACA41C4E1AC2CAE400FABB36 /* LaunchScreen.xib in Resources */,
				ACA41C501AC2CAE400FABB36 /* Main.storyboard in Resources */,
			);
			runOnlyForDeploymentPostprocessing = 0;
		};
		AC9350581AC0035C000C7C39 /* Resources */ = {
			isa = PBXResourcesBuildPhase;
			buildActionMask = 2147483647;
			files = (
				ACA41C5F1AC2CAE400FABB36 /* Info.plist in Resources */,
				ACA41C5D1AC2CAE400FABB36 /* Images.xcassets in Resources */,
				ACA41C4F1AC2CAE400FABB36 /* LaunchScreen.xib in Resources */,
				ACA41C511AC2CAE400FABB36 /* Main.storyboard in Resources */,
			);
			runOnlyForDeploymentPostprocessing = 0;
		};
/* End PBXResourcesBuildPhase section */

/* Begin PBXShellScriptBuildPhase section */
		20587BF1D9A16FBB8223ED3F /* Check Pods Manifest.lock */ = {
			isa = PBXShellScriptBuildPhase;
			buildActionMask = 2147483647;
			files = (
			);
			inputPaths = (
			);
			name = "Check Pods Manifest.lock";
			outputPaths = (
			);
			runOnlyForDeploymentPostprocessing = 0;
			shellPath = /bin/sh;
			shellScript = "diff \"${PODS_ROOT}/../Podfile.lock\" \"${PODS_ROOT}/Manifest.lock\" > /dev/null\nif [[ $? != 0 ]] ; then\n    cat << EOM\nerror: The sandbox is not in sync with the Podfile.lock. Run 'pod install' or update your CocoaPods installation.\nEOM\n    exit 1\nfi\n";
			showEnvVarsInLog = 0;
		};
		2CCF3DF4BC1C07E4D2646AFB /* Copy Pods Resources */ = {
			isa = PBXShellScriptBuildPhase;
			buildActionMask = 2147483647;
			files = (
			);
			inputPaths = (
			);
			name = "Copy Pods Resources";
			outputPaths = (
			);
			runOnlyForDeploymentPostprocessing = 0;
			shellPath = /bin/sh;
			shellScript = "\"${SRCROOT}/Pods/Target Support Files/Pods/Pods-resources.sh\"\n";
			showEnvVarsInLog = 0;
		};
		412B24131A8FB90F5D71AF78 /* Embed Pods Frameworks */ = {
			isa = PBXShellScriptBuildPhase;
			buildActionMask = 2147483647;
			files = (
			);
			inputPaths = (
			);
			name = "Embed Pods Frameworks";
			outputPaths = (
			);
			runOnlyForDeploymentPostprocessing = 0;
			shellPath = /bin/sh;
			shellScript = "\"${SRCROOT}/Pods/Target Support Files/Pods/Pods-frameworks.sh\"\n";
			showEnvVarsInLog = 0;
		};
		A5D833D5108862EAD37F07CD /* Embed Pods Frameworks */ = {
			isa = PBXShellScriptBuildPhase;
			buildActionMask = 2147483647;
			files = (
			);
			inputPaths = (
			);
			name = "Embed Pods Frameworks";
			outputPaths = (
			);
			runOnlyForDeploymentPostprocessing = 0;
			shellPath = /bin/sh;
			shellScript = "\"${SRCROOT}/Pods/Target Support Files/Pods/Pods-frameworks.sh\"\n";
			showEnvVarsInLog = 0;
		};
		E3FF2332F7D22ACD0069E10A /* Check Pods Manifest.lock */ = {
			isa = PBXShellScriptBuildPhase;
			buildActionMask = 2147483647;
			files = (
			);
			inputPaths = (
			);
			name = "Check Pods Manifest.lock";
			outputPaths = (
			);
			runOnlyForDeploymentPostprocessing = 0;
			shellPath = /bin/sh;
			shellScript = "diff \"${PODS_ROOT}/../Podfile.lock\" \"${PODS_ROOT}/Manifest.lock\" > /dev/null\nif [[ $? != 0 ]] ; then\n    cat << EOM\nerror: The sandbox is not in sync with the Podfile.lock. Run 'pod install' or update your CocoaPods installation.\nEOM\n    exit 1\nfi\n";
			showEnvVarsInLog = 0;
		};
		E82A60927B0A05836021778E /* Copy Pods Resources */ = {
			isa = PBXShellScriptBuildPhase;
			buildActionMask = 2147483647;
			files = (
			);
			inputPaths = (
			);
			name = "Copy Pods Resources";
			outputPaths = (
			);
			runOnlyForDeploymentPostprocessing = 0;
			shellPath = /bin/sh;
			shellScript = "\"${SRCROOT}/Pods/Target Support Files/Pods/Pods-resources.sh\"\n";
			showEnvVarsInLog = 0;
		};
/* End PBXShellScriptBuildPhase section */

/* Begin PBXSourcesBuildPhase section */
		AC9350411AC0035C000C7C39 /* Sources */ = {
			isa = PBXSourcesBuildPhase;
			buildActionMask = 2147483647;
			files = (
				ACA41C601AC2CAE400FABB36 /* Server.swift in Sources */,
				ACA41C581AC2CAE400FABB36 /* RootViewController.swift in Sources */,
				ACA41C621AC2CAE400FABB36 /* Transaction.swift in Sources */,
				ACA41C5A1AC2CAE400FABB36 /* TransactionViewController.swift in Sources */,
				ACA41C541AC2CAE400FABB36 /* CurrencyPicker.swift in Sources */,
				ACA41C521AC2CAE400FABB36 /* AppDelegate.swift in Sources */,
				AC5516A31AC0D74400D272DA /* MockServer.swift in Sources */,
				ACA41C561AC2CAE400FABB36 /* PeopePicker.swift in Sources */,
			);
			runOnlyForDeploymentPostprocessing = 0;
		};
		AC9350561AC0035C000C7C39 /* Sources */ = {
			isa = PBXSourcesBuildPhase;
			buildActionMask = 2147483647;
			files = (
				ACA41C531AC2CAE400FABB36 /* AppDelegate.swift in Sources */,
				ACA41C571AC2CAE400FABB36 /* PeopePicker.swift in Sources */,
				AC55168E1AC04D4900D272DA /* TransactionViewControllerTests.swift in Sources */,
				ACA41C591AC2CAE400FABB36 /* RootViewController.swift in Sources */,
				ACA41C631AC2CAE400FABB36 /* Transaction.swift in Sources */,
				AC5516A21AC0D48000D272DA /* MockServer.swift in Sources */,
				AC55169E1AC0C61800D272DA /* RootViewControllerTests.swift in Sources */,
				ACA41C551AC2CAE400FABB36 /* CurrencyPicker.swift in Sources */,
				ACA41C611AC2CAE400FABB36 /* Server.swift in Sources */,
				ACA41C5B1AC2CAE400FABB36 /* TransactionViewController.swift in Sources */,
			);
			runOnlyForDeploymentPostprocessing = 0;
		};
/* End PBXSourcesBuildPhase section */

/* Begin PBXTargetDependency section */
		AC93505C1AC0035C000C7C39 /* PBXTargetDependency */ = {
			isa = PBXTargetDependency;
			target = AC9350441AC0035C000C7C39 /* wallet */;
			targetProxy = AC93505B1AC0035C000C7C39 /* PBXContainerItemProxy */;
		};
/* End PBXTargetDependency section */

/* Begin PBXVariantGroup section */
		ACA41C3E1AC2CAE400FABB36 /* LaunchScreen.xib */ = {
			isa = PBXVariantGroup;
			children = (
				ACA41C3F1AC2CAE400FABB36 /* Base */,
			);
			name = LaunchScreen.xib;
			sourceTree = "<group>";
		};
		ACA41C401AC2CAE400FABB36 /* Main.storyboard */ = {
			isa = PBXVariantGroup;
			children = (
				ACA41C411AC2CAE400FABB36 /* Base */,
			);
			name = Main.storyboard;
			sourceTree = "<group>";
		};
/* End PBXVariantGroup section */

/* Begin XCBuildConfiguration section */
		AC9350621AC0035C000C7C39 /* Debug */ = {
			isa = XCBuildConfiguration;
			buildSettings = {
				ALWAYS_SEARCH_USER_PATHS = NO;
				CLANG_CXX_LANGUAGE_STANDARD = "gnu++0x";
				CLANG_CXX_LIBRARY = "libc++";
				CLANG_ENABLE_MODULES = YES;
				CLANG_ENABLE_OBJC_ARC = YES;
				CLANG_WARN_BOOL_CONVERSION = YES;
				CLANG_WARN_CONSTANT_CONVERSION = YES;
				CLANG_WARN_DIRECT_OBJC_ISA_USAGE = YES_ERROR;
				CLANG_WARN_EMPTY_BODY = YES;
				CLANG_WARN_ENUM_CONVERSION = YES;
				CLANG_WARN_INT_CONVERSION = YES;
				CLANG_WARN_OBJC_ROOT_CLASS = YES_ERROR;
				CLANG_WARN_UNREACHABLE_CODE = YES;
				CLANG_WARN__DUPLICATE_METHOD_MATCH = YES;
				"CODE_SIGN_IDENTITY[sdk=iphoneos*]" = "iPhone Developer";
				COPY_PHASE_STRIP = NO;
				ENABLE_STRICT_OBJC_MSGSEND = YES;
				GCC_C_LANGUAGE_STANDARD = gnu99;
				GCC_DYNAMIC_NO_PIC = NO;
				GCC_OPTIMIZATION_LEVEL = 0;
				GCC_PREPROCESSOR_DEFINITIONS = (
					"DEBUG=1",
					"$(inherited)",
				);
				GCC_SYMBOLS_PRIVATE_EXTERN = NO;
				GCC_WARN_64_TO_32_BIT_CONVERSION = YES;
				GCC_WARN_ABOUT_RETURN_TYPE = YES_ERROR;
				GCC_WARN_UNDECLARED_SELECTOR = YES;
				GCC_WARN_UNINITIALIZED_AUTOS = YES_AGGRESSIVE;
				GCC_WARN_UNUSED_FUNCTION = YES;
				GCC_WARN_UNUSED_VARIABLE = YES;
				IPHONEOS_DEPLOYMENT_TARGET = 8.1;
				MTL_ENABLE_DEBUG_INFO = YES;
				ONLY_ACTIVE_ARCH = YES;
				SDKROOT = iphoneos;
				SWIFT_OPTIMIZATION_LEVEL = "-Onone";
			};
			name = Debug;
		};
		AC9350631AC0035C000C7C39 /* Release */ = {
			isa = XCBuildConfiguration;
			buildSettings = {
				ALWAYS_SEARCH_USER_PATHS = NO;
				CLANG_CXX_LANGUAGE_STANDARD = "gnu++0x";
				CLANG_CXX_LIBRARY = "libc++";
				CLANG_ENABLE_MODULES = YES;
				CLANG_ENABLE_OBJC_ARC = YES;
				CLANG_WARN_BOOL_CONVERSION = YES;
				CLANG_WARN_CONSTANT_CONVERSION = YES;
				CLANG_WARN_DIRECT_OBJC_ISA_USAGE = YES_ERROR;
				CLANG_WARN_EMPTY_BODY = YES;
				CLANG_WARN_ENUM_CONVERSION = YES;
				CLANG_WARN_INT_CONVERSION = YES;
				CLANG_WARN_OBJC_ROOT_CLASS = YES_ERROR;
				CLANG_WARN_UNREACHABLE_CODE = YES;
				CLANG_WARN__DUPLICATE_METHOD_MATCH = YES;
				"CODE_SIGN_IDENTITY[sdk=iphoneos*]" = "iPhone Developer";
				COPY_PHASE_STRIP = NO;
				ENABLE_NS_ASSERTIONS = NO;
				ENABLE_STRICT_OBJC_MSGSEND = YES;
				GCC_C_LANGUAGE_STANDARD = gnu99;
				GCC_WARN_64_TO_32_BIT_CONVERSION = YES;
				GCC_WARN_ABOUT_RETURN_TYPE = YES_ERROR;
				GCC_WARN_UNDECLARED_SELECTOR = YES;
				GCC_WARN_UNINITIALIZED_AUTOS = YES_AGGRESSIVE;
				GCC_WARN_UNUSED_FUNCTION = YES;
				GCC_WARN_UNUSED_VARIABLE = YES;
				IPHONEOS_DEPLOYMENT_TARGET = 8.1;
				MTL_ENABLE_DEBUG_INFO = NO;
				SDKROOT = iphoneos;
				VALIDATE_PRODUCT = YES;
			};
			name = Release;
		};
		AC9350651AC0035C000C7C39 /* Debug */ = {
			isa = XCBuildConfiguration;
			baseConfigurationReference = 42E9F6C3C49C25A697872171 /* Pods.debug.xcconfig */;
			buildSettings = {
				ASSETCATALOG_COMPILER_APPICON_NAME = AppIcon;
				INFOPLIST_FILE = wallet/Info.plist;
				LD_RUNPATH_SEARCH_PATHS = "$(inherited) @executable_path/Frameworks";
				PRODUCT_NAME = "$(TARGET_NAME)";
				SWIFT_OBJC_BRIDGING_HEADER = bridging.h;
			};
			name = Debug;
		};
		AC9350661AC0035C000C7C39 /* Release */ = {
			isa = XCBuildConfiguration;
			baseConfigurationReference = 2F54B960EF7F33528169DA09 /* Pods.release.xcconfig */;
			buildSettings = {
				ASSETCATALOG_COMPILER_APPICON_NAME = AppIcon;
				INFOPLIST_FILE = wallet/Info.plist;
				LD_RUNPATH_SEARCH_PATHS = "$(inherited) @executable_path/Frameworks";
				PRODUCT_NAME = "$(TARGET_NAME)";
				SWIFT_OBJC_BRIDGING_HEADER = bridging.h;
			};
			name = Release;
		};
		AC9350681AC0035C000C7C39 /* Debug */ = {
			isa = XCBuildConfiguration;
			baseConfigurationReference = 42E9F6C3C49C25A697872171 /* Pods.debug.xcconfig */;
			buildSettings = {
				BUNDLE_LOADER = "$(TEST_HOST)";
				FRAMEWORK_SEARCH_PATHS = (
					"$(SDKROOT)/Developer/Library/Frameworks",
					"$(inherited)",
				);
				GCC_PREPROCESSOR_DEFINITIONS = (
					"DEBUG=1",
					"$(inherited)",
				);
				INFOPLIST_FILE = walletTests/Info.plist;
				LD_RUNPATH_SEARCH_PATHS = "$(inherited) @executable_path/Frameworks @loader_path/Frameworks";
				PRODUCT_NAME = "$(TARGET_NAME)";
				SWIFT_OBJC_BRIDGING_HEADER = bridging.h;
				TEST_HOST = "$(BUILT_PRODUCTS_DIR)/wallet.app/wallet";
			};
			name = Debug;
		};
		AC9350691AC0035C000C7C39 /* Release */ = {
			isa = XCBuildConfiguration;
			baseConfigurationReference = 2F54B960EF7F33528169DA09 /* Pods.release.xcconfig */;
			buildSettings = {
				BUNDLE_LOADER = "$(TEST_HOST)";
				FRAMEWORK_SEARCH_PATHS = (
					"$(SDKROOT)/Developer/Library/Frameworks",
					"$(inherited)",
				);
				INFOPLIST_FILE = walletTests/Info.plist;
				LD_RUNPATH_SEARCH_PATHS = "$(inherited) @executable_path/Frameworks @loader_path/Frameworks";
				PRODUCT_NAME = "$(TARGET_NAME)";
				SWIFT_OBJC_BRIDGING_HEADER = bridging.h;
				TEST_HOST = "$(BUILT_PRODUCTS_DIR)/wallet.app/wallet";
			};
			name = Release;
		};
/* End XCBuildConfiguration section */

/* Begin XCConfigurationList section */
		AC9350401AC0035C000C7C39 /* Build configuration list for PBXProject "wallet" */ = {
			isa = XCConfigurationList;
			buildConfigurations = (
				AC9350621AC0035C000C7C39 /* Debug */,
				AC9350631AC0035C000C7C39 /* Release */,
			);
			defaultConfigurationIsVisible = 0;
			defaultConfigurationName = Release;
		};
		AC9350641AC0035C000C7C39 /* Build configuration list for PBXNativeTarget "wallet" */ = {
			isa = XCConfigurationList;
			buildConfigurations = (
				AC9350651AC0035C000C7C39 /* Debug */,
				AC9350661AC0035C000C7C39 /* Release */,
			);
			defaultConfigurationIsVisible = 0;
			defaultConfigurationName = Release;
		};
		AC9350671AC0035C000C7C39 /* Build configuration list for PBXNativeTarget "walletTests" */ = {
			isa = XCConfigurationList;
			buildConfigurations = (
				AC9350681AC0035C000C7C39 /* Debug */,
				AC9350691AC0035C000C7C39 /* Release */,
			);
			defaultConfigurationIsVisible = 0;
			defaultConfigurationName = Release;
		};
/* End XCConfigurationList section */
	};
	rootObject = AC93503D1AC0035C000C7C39 /* Project object */;
}
